// !$*UTF8*$!
{
	archiveVersion = 1;
	classes = {
	};
	objectVersion = 46;
	objects = {

/* Begin PBXBuildFile section */
		BABB26B41EBBB6E1009AA3A3 /* AppDelegate.swift in Sources */ = {isa = PBXBuildFile; fileRef = BABB26B31EBBB6E1009AA3A3 /* AppDelegate.swift */; };
		BABB26B61EBBB6E1009AA3A3 /* CheckPleaseViewController.swift in Sources */ = {isa = PBXBuildFile; fileRef = BABB26B51EBBB6E1009AA3A3 /* CheckPleaseViewController.swift */; };
		BABB26B91EBBB6E1009AA3A3 /* Main.storyboard in Resources */ = {isa = PBXBuildFile; fileRef = BABB26B71EBBB6E1009AA3A3 /* Main.storyboard */; };
		BABB26BB1EBBB6E1009AA3A3 /* Assets.xcassets in Resources */ = {isa = PBXBuildFile; fileRef = BABB26BA1EBBB6E1009AA3A3 /* Assets.xcassets */; };
		BABB26BE1EBBB6E1009AA3A3 /* LaunchScreen.storyboard in Resources */ = {isa = PBXBuildFile; fileRef = BABB26BC1EBBB6E1009AA3A3 /* LaunchScreen.storyboard */; };
/* End PBXBuildFile section */

/* Begin PBXFileReference section */
		BABB26B01EBBB6E1009AA3A3 /* CheckPlease.app */ = {isa = PBXFileReference; explicitFileType = wrapper.application; includeInIndex = 0; path = CheckPlease.app; sourceTree = BUILT_PRODUCTS_DIR; };
		BABB26B31EBBB6E1009AA3A3 /* AppDelegate.swift */ = {isa = PBXFileReference; lastKnownFileType = sourcecode.swift; path = AppDelegate.swift; sourceTree = "<group>"; };
		BABB26B51EBBB6E1009AA3A3 /* CheckPleaseViewController.swift */ = {isa = PBXFileReference; lastKnownFileType = sourcecode.swift; path = CheckPleaseViewController.swift; sourceTree = "<group>"; };
		BABB26B81EBBB6E1009AA3A3 /* Base */ = {isa = PBXFileReference; lastKnownFileType = file.storyboard; name = Base; path = Base.lproj/Main.storyboard; sourceTree = "<group>"; };
		BABB26BA1EBBB6E1009AA3A3 /* Assets.xcassets */ = {isa = PBXFileReference; lastKnownFileType = folder.assetcatalog; path = Assets.xcassets; sourceTree = "<group>"; };
		BABB26BD1EBBB6E1009AA3A3 /* Base */ = {isa = PBXFileReference; lastKnownFileType = file.storyboard; name = Base; path = Base.lproj/LaunchScreen.storyboard; sourceTree = "<group>"; };
		BABB26BF1EBBB6E1009AA3A3 /* Info.plist */ = {isa = PBXFileReference; lastKnownFileType = text.plist.xml; path = Info.plist; sourceTree = "<group>"; };
/* End PBXFileReference section */

/* Begin PBXFrameworksBuildPhase section */
		BABB26AD1EBBB6E1009AA3A3 /* Frameworks */ = {
			isa = PBXFrameworksBuildPhase;
			buildActionMask = 2147483647;
			files = (
			);
			runOnlyForDeploymentPostprocessing = 0;
		};
/* End PBXFrameworksBuildPhase section */

/* Begin PBXGroup section */
		BABB26A71EBBB6E1009AA3A3 = {
			isa = PBXGroup;
			children = (
				BABB26B21EBBB6E1009AA3A3 /* CheckPlease */,
				BABB26B11EBBB6E1009AA3A3 /* Products */,
			);
			sourceTree = "<group>";
		};
		BABB26B11EBBB6E1009AA3A3 /* Products */ = {
			isa = PBXGroup;
			children = (
				BABB26B01EBBB6E1009AA3A3 /* CheckPlease.app */,
			);
			name = Products;
			sourceTree = "<group>";
		};
		BABB26B21EBBB6E1009AA3A3 /* CheckPlease */ = {
			isa = PBXGroup;
			children = (
				BABB26B31EBBB6E1009AA3A3 /* AppDelegate.swift */,
				BABB26B51EBBB6E1009AA3A3 /* CheckPleaseViewController.swift */,
				BABB26B71EBBB6E1009AA3A3 /* Main.storyboard */,
				BABB26BA1EBBB6E1009AA3A3 /* Assets.xcassets */,
				BABB26BC1EBBB6E1009AA3A3 /* LaunchScreen.storyboard */,
				BABB26BF1EBBB6E1009AA3A3 /* Info.plist */,
			);
			path = CheckPlease;
			sourceTree = "<group>";
		};
/* End PBXGroup section */

/* Begin PBXNativeTarget section */
		BABB26AF1EBBB6E1009AA3A3 /* CheckPlease */ = {
			isa = PBXNativeTarget;
			buildConfigurationList = BABB26C21EBBB6E1009AA3A3 /* Build configuration list for PBXNativeTarget "CheckPlease" */;
			buildPhases = (
				BABB26AC1EBBB6E1009AA3A3 /* Sources */,
				BABB26AD1EBBB6E1009AA3A3 /* Frameworks */,
				BABB26AE1EBBB6E1009AA3A3 /* Resources */,
			);
			buildRules = (
			);
			dependencies = (
			);
			name = CheckPlease;
			productName = CheckPlease;
			productReference = BABB26B01EBBB6E1009AA3A3 /* CheckPlease.app */;
			productType = "com.apple.product-type.application";
		};
/* End PBXNativeTarget section */

/* Begin PBXProject section */
		BABB26A81EBBB6E1009AA3A3 /* Project object */ = {
			isa = PBXProject;
			attributes = {
				LastSwiftUpdateCheck = 0830;
				LastUpgradeCheck = 0830;
				ORGANIZATIONNAME = "Jordan Harvey-Morgan";
				TargetAttributes = {
					BABB26AF1EBBB6E1009AA3A3 = {
						CreatedOnToolsVersion = 8.3.1;
						DevelopmentTeam = C9L43P9G27;
						ProvisioningStyle = Automatic;
					};
				};
			};
			buildConfigurationList = BABB26AB1EBBB6E1009AA3A3 /* Build configuration list for PBXProject "CheckPlease" */;
			compatibilityVersion = "Xcode 3.2";
			developmentRegion = English;
			hasScannedForEncodings = 0;
			knownRegions = (
				en,
				Base,
			);
			mainGroup = BABB26A71EBBB6E1009AA3A3;
			productRefGroup = BABB26B11EBBB6E1009AA3A3 /* Products */;
			projectDirPath = "";
			projectRoot = "";
			targets = (
				BABB26AF1EBBB6E1009AA3A3 /* CheckPlease */,
			);
		};
/* End PBXProject section */

/* Begin PBXResourcesBuildPhase section */
		BABB26AE1EBBB6E1009AA3A3 /* Resources */ = {
			isa = PBXResourcesBuildPhase;
			buildActionMask = 2147483647;
			files = (
				BABB26BE1EBBB6E1009AA3A3 /* LaunchScreen.storyboard in Resources */,
				BABB26BB1EBBB6E1009AA3A3 /* Assets.xcassets in Resources */,
				BABB26B91EBBB6E1009AA3A3 /* Main.storyboard in Resources */,
			);
			runOnlyForDeploymentPostprocessing = 0;
		};
/* End PBXResourcesBuildPhase section */

/* Begin PBXSourcesBuildPhase section */
		BABB26AC1EBBB6E1009AA3A3 /* Sources */ = {
			isa = PBXSourcesBuildPhase;
			buildActionMask = 2147483647;
			files = (
				BABB26B61EBBB6E1009AA3A3 /* CheckPleaseViewController.swift in Sources */,
				BABB26B41EBBB6E1009AA3A3 /* AppDelegate.swift in Sources */,
			);
			runOnlyForDeploymentPostprocessing = 0;
		};
/* End PBXSourcesBuildPhase section */

/* Begin PBXVariantGroup section */
		BABB26B71EBBB6E1009AA3A3 /* Main.storyboard */ = {
			isa = PBXVariantGroup;
			children = (
				BABB26B81EBBB6E1009AA3A3 /* Base */,
			);
			name = Main.storyboard;
			sourceTree = "<group>";
		};
		BABB26BC1EBBB6E1009AA3A3 /* LaunchScreen.storyboard */ = {
			isa = PBXVariantGroup;
			children = (
				BABB26BD1EBBB6E1009AA3A3 /* Base */,
			);
			name = LaunchScreen.storyboard;
			sourceTree = "<group>";
		};
/* End PBXVariantGroup section */

/* Begin XCBuildConfiguration section */
		BABB26C01EBBB6E1009AA3A3 /* Debug */ = {
			isa = XCBuildConfiguration;
			buildSettings = {
				ALWAYS_SEARCH_USER_PATHS = NO;
				CLANG_ANALYZER_NONNULL = YES;
				CLANG_ANALYZER_NUMBER_OBJECT_CONVERSION = YES_AGGRESSIVE;
				CLANG_CXX_LANGUAGE_STANDARD = "gnu++0x";
				CLANG_CXX_LIBRARY = "libc++";
				CLANG_ENABLE_MODULES = YES;
				CLANG_ENABLE_OBJC_ARC = YES;
				CLANG_WARN_BOOL_CONVERSION = YES;
				CLANG_WARN_CONSTANT_CONVERSION = YES;
				CLANG_WARN_DIRECT_OBJC_ISA_USAGE = YES_ERROR;
				CLANG_WARN_DOCUMENTATION_COMMENTS = YES;
				CLANG_WARN_EMPTY_BODY = YES;
				CLANG_WARN_ENUM_CONVERSION = YES;
				CLANG_WARN_INFINITE_RECURSION = YES;
				CLANG_WARN_INT_CONVERSION = YES;
				CLANG_WARN_OBJC_ROOT_CLASS = YES_ERROR;
				CLANG_WARN_SUSPICIOUS_MOVE = YES;
				CLANG_WARN_UNREACHABLE_CODE = YES;
				CLANG_WARN__DUPLICATE_METHOD_MATCH = YES;
				"CODE_SIGN_IDENTITY[sdk=iphoneos*]" = "iPhone Developer";
				COPY_PHASE_STRIP = NO;
				DEBUG_INFORMATION_FORMAT = dwarf;
				ENABLE_STRICT_OBJC_MSGSEND = YES;
				ENABLE_TESTABILITY = YES;
				GCC_C_LANGUAGE_STANDARD = gnu99;
				GCC_DYNAMIC_NO_PIC = NO;
				GCC_NO_COMMON_BLOCKS = YES;
				GCC_OPTIMIZATION_LEVEL = 0;
				GCC_PREPROCESSOR_DEFINITIONS = (
					"DEBUG=1",
					"$(inherited)",
				);
				GCC_WARN_64_TO_32_BIT_CONVERSION = YES;
				GCC_WARN_ABOUT_RETURN_TYPE = YES_ERROR;
				GCC_WARN_UNDECLARED_SELECTOR = YES;
				GCC_WARN_UNINITIALIZED_AUTOS = YES_AGGRESSIVE;
				GCC_WARN_UNUSED_FUNCTION = YES;
				GCC_WARN_UNUSED_VARIABLE = YES;
				IPHONEOS_DEPLOYMENT_TARGET = 10.3;
				MTL_ENABLE_DEBUG_INFO = YES;
				ONLY_ACTIVE_ARCH = YES;
				SDKROOT = iphoneos;
				SWIFT_ACTIVE_COMPILATION_CONDITIONS = DEBUG;
				SWIFT_OPTIMIZATION_LEVEL = "-Onone";
				TARGETED_DEVICE_FAMILY = "1,2";
			};
			name = Debug;
		};
		BABB26C11EBBB6E1009AA3A3 /* Release */ = {
			isa = XCBuildConfiguration;
			buildSettings = {
				ALWAYS_SEARCH_USER_PATHS = NO;
				CLANG_ANALYZER_NONNULL = YES;
				CLANG_ANALYZER_NUMBER_OBJECT_CONVERSION = YES_AGGRESSIVE;
				CLANG_CXX_LANGUAGE_STANDARD = "gnu++0x";
				CLANG_CXX_LIBRARY = "libc++";
				CLANG_ENABLE_MODULES = YES;
				CLANG_ENABLE_OBJC_ARC = YES;
				CLANG_WARN_BOOL_CONVERSION = YES;
				CLANG_WARN_CONSTANT_CONVERSION = YES;
				CLANG_WARN_DIRECT_OBJC_ISA_USAGE = YES_ERROR;
				CLANG_WARN_DOCUMENTATION_COMMENTS = YES;
				CLANG_WARN_EMPTY_BODY = YES;
				CLANG_WARN_ENUM_CONVERSION = YES;
				CLANG_WARN_INFINITE_RECURSION = YES;
				CLANG_WARN_INT_CONVERSION = YES;
				CLANG_WARN_OBJC_ROOT_CLASS = YES_ERROR;
				CLANG_WARN_SUSPICIOUS_MOVE = YES;
				CLANG_WARN_UNREACHABLE_CODE = YES;
				CLANG_WARN__DUPLICATE_METHOD_MATCH = YES;
				"CODE_SIGN_IDENTITY[sdk=iphoneos*]" = "iPhone Developer";
				COPY_PHASE_STRIP = NO;
				DEBUG_INFORMATION_FORMAT = "dwarf-with-dsym";
				ENABLE_NS_ASSERTIONS = NO;
				ENABLE_STRICT_OBJC_MSGSEND = YES;
				GCC_C_LANGUAGE_STANDARD = gnu99;
				GCC_NO_COMMON_BLOCKS = YES;
				GCC_WARN_64_TO_32_BIT_CONVERSION = YES;
				GCC_WARN_ABOUT_RETURN_TYPE = YES_ERROR;
				GCC_WARN_UNDECLARED_SELECTOR = YES;
				GCC_WARN_UNINITIALIZED_AUTOS = YES_AGGRESSIVE;
				GCC_WARN_UNUSED_FUNCTION = YES;
				GCC_WARN_UNUSED_VARIABLE = YES;
				IPHONEOS_DEPLOYMENT_TARGET = 10.3;
				MTL_ENABLE_DEBUG_INFO = NO;
				SDKROOT = iphoneos;
				SWIFT_OPTIMIZATION_LEVEL = "-Owholemodule";
				TARGETED_DEVICE_FAMILY = "1,2";
				VALIDATE_PRODUCT = YES;
			};
			name = Release;
		};
		BABB26C31EBBB6E1009AA3A3 /* Debug */ = {
			isa = XCBuildConfiguration;
			buildSettings = {
				ASSETCATALOG_COMPILER_APPICON_NAME = AppIcon;
				DEVELOPMENT_TEAM = C9L43P9G27;
				INFOPLIST_FILE = CheckPlease/Info.plist;
				LD_RUNPATH_SEARCH_PATHS = "$(inherited) @executable_path/Frameworks";
				PRODUCT_BUNDLE_IDENTIFIER = com.jharveymorgan.CheckPlease;
				PRODUCT_NAME = "$(TARGET_NAME)";
				SWIFT_VERSION = 3.0;
			};
			name = Debug;
		};
		BABB26C41EBBB6E1009AA3A3 /* Release */ = {
			isa = XCBuildConfiguration;
			buildSettings = {
				ASSETCATALOG_COMPILER_APPICON_NAME = AppIcon;
				DEVELOPMENT_TEAM = C9L43P9G27;
				INFOPLIST_FILE = CheckPlease/Info.plist;
				LD_RUNPATH_SEARCH_PATHS = "$(inherited) @executable_path/Frameworks";
				PRODUCT_BUNDLE_IDENTIFIER = com.jharveymorgan.CheckPlease;
				PRODUCT_NAME = "$(TARGET_NAME)";
				SWIFT_VERSION = 3.0;
			};
			name = Release;
		};
/* End XCBuildConfiguration section */

/* Begin XCConfigurationList section */
		BABB26AB1EBBB6E1009AA3A3 /* Build configuration list for PBXProject "CheckPlease" */ = {
			isa = XCConfigurationList;
			buildConfigurations = (
				BABB26C01EBBB6E1009AA3A3 /* Debug */,
				BABB26C11EBBB6E1009AA3A3 /* Release */,
			);
			defaultConfigurationIsVisible = 0;
			defaultConfigurationName = Release;
		};
		BABB26C21EBBB6E1009AA3A3 /* Build configuration list for PBXNativeTarget "CheckPlease" */ = {
			isa = XCConfigurationList;
			buildConfigurations = (
				BABB26C31EBBB6E1009AA3A3 /* Debug */,
				BABB26C41EBBB6E1009AA3A3 /* Release */,
			);
			defaultConfigurationIsVisible = 0;
		};
/* End XCConfigurationList section */
	};
	rootObject = BABB26A81EBBB6E1009AA3A3 /* Project object */;
}
